// !$*UTF8*$!
{
	archiveVersion = 1;
	classes = {
	};
	objectVersion = 46;
	objects = {

/* Begin PBXBuildFile section */
		09AE14061C8F573E004E8CA2 /* AppDelegate.swift in Sources */ = {isa = PBXBuildFile; fileRef = 09AE14051C8F573E004E8CA2 /* AppDelegate.swift */; };
		09AE14081C8F573E004E8CA2 /* ViewController.swift in Sources */ = {isa = PBXBuildFile; fileRef = 09AE14071C8F573E004E8CA2 /* ViewController.swift */; };
		09AE140B1C8F573E004E8CA2 /* Main.storyboard in Resources */ = {isa = PBXBuildFile; fileRef = 09AE14091C8F573E004E8CA2 /* Main.storyboard */; };
		09AE140D1C8F573E004E8CA2 /* Assets.xcassets in Resources */ = {isa = PBXBuildFile; fileRef = 09AE140C1C8F573E004E8CA2 /* Assets.xcassets */; };
		09AE14101C8F573E004E8CA2 /* LaunchScreen.storyboard in Resources */ = {isa = PBXBuildFile; fileRef = 09AE140E1C8F573E004E8CA2 /* LaunchScreen.storyboard */; };
		09AE141A1C8F59D3004E8CA2 /* SecondViewController.swift in Sources */ = {isa = PBXBuildFile; fileRef = 09AE14191C8F59D3004E8CA2 /* SecondViewController.swift */; };
/* End PBXBuildFile section */

/* Begin PBXFileReference section */
		09AE14021C8F573D004E8CA2 /* Rock Paper Scissors.app */ = {isa = PBXFileReference; explicitFileType = wrapper.application; includeInIndex = 0; path = "Rock Paper Scissors.app"; sourceTree = BUILT_PRODUCTS_DIR; };
		09AE14051C8F573E004E8CA2 /* AppDelegate.swift */ = {isa = PBXFileReference; lastKnownFileType = sourcecode.swift; path = AppDelegate.swift; sourceTree = "<group>"; };
		09AE14071C8F573E004E8CA2 /* ViewController.swift */ = {isa = PBXFileReference; lastKnownFileType = sourcecode.swift; path = ViewController.swift; sourceTree = "<group>"; };
		09AE140A1C8F573E004E8CA2 /* Base */ = {isa = PBXFileReference; lastKnownFileType = file.storyboard; name = Base; path = Base.lproj/Main.storyboard; sourceTree = "<group>"; };
		09AE140C1C8F573E004E8CA2 /* Assets.xcassets */ = {isa = PBXFileReference; lastKnownFileType = folder.assetcatalog; path = Assets.xcassets; sourceTree = "<group>"; };
		09AE140F1C8F573E004E8CA2 /* Base */ = {isa = PBXFileReference; lastKnownFileType = file.storyboard; name = Base; path = Base.lproj/LaunchScreen.storyboard; sourceTree = "<group>"; };
		09AE14111C8F573E004E8CA2 /* Info.plist */ = {isa = PBXFileReference; lastKnownFileType = text.plist.xml; path = Info.plist; sourceTree = "<group>"; };
		09AE14191C8F59D3004E8CA2 /* SecondViewController.swift */ = {isa = PBXFileReference; fileEncoding = 4; lastKnownFileType = sourcecode.swift; path = SecondViewController.swift; sourceTree = "<group>"; };
/* End PBXFileReference section */

/* Begin PBXFrameworksBuildPhase section */
		09AE13FF1C8F573D004E8CA2 /* Frameworks */ = {
			isa = PBXFrameworksBuildPhase;
			buildActionMask = 2147483647;
			files = (
			);
			runOnlyForDeploymentPostprocessing = 0;
		};
/* End PBXFrameworksBuildPhase section */

/* Begin PBXGroup section */
		09AE13F91C8F573D004E8CA2 = {
			isa = PBXGroup;
			children = (
				09AE14041C8F573E004E8CA2 /* Rock Paper Scissors */,
				09AE14031C8F573D004E8CA2 /* Products */,
			);
			sourceTree = "<group>";
		};
		09AE14031C8F573D004E8CA2 /* Products */ = {
			isa = PBXGroup;
			children = (
				09AE14021C8F573D004E8CA2 /* Rock Paper Scissors.app */,
			);
			name = Products;
			sourceTree = "<group>";
		};
		09AE14041C8F573E004E8CA2 /* Rock Paper Scissors */ = {
			isa = PBXGroup;
			children = (
				09AE14051C8F573E004E8CA2 /* AppDelegate.swift */,
				09AE14071C8F573E004E8CA2 /* ViewController.swift */,
				09AE14191C8F59D3004E8CA2 /* SecondViewController.swift */,
				09AE14091C8F573E004E8CA2 /* Main.storyboard */,
				09AE140C1C8F573E004E8CA2 /* Assets.xcassets */,
				09AE140E1C8F573E004E8CA2 /* LaunchScreen.storyboard */,
				09AE14111C8F573E004E8CA2 /* Info.plist */,
			);
			path = "Rock Paper Scissors";
			sourceTree = "<group>";
		};
/* End PBXGroup section */

/* Begin PBXNativeTarget section */
		09AE14011C8F573D004E8CA2 /* Rock Paper Scissors */ = {
			isa = PBXNativeTarget;
			buildConfigurationList = 09AE14141C8F573E004E8CA2 /* Build configuration list for PBXNativeTarget "Rock Paper Scissors" */;
			buildPhases = (
				09AE13FE1C8F573D004E8CA2 /* Sources */,
				09AE13FF1C8F573D004E8CA2 /* Frameworks */,
				09AE14001C8F573D004E8CA2 /* Resources */,
			);
			buildRules = (
			);
			dependencies = (
			);
			name = "Rock Paper Scissors";
			productName = "Rock Paper Scissors";
			productReference = 09AE14021C8F573D004E8CA2 /* Rock Paper Scissors.app */;
			productType = "com.apple.product-type.application";
		};
/* End PBXNativeTarget section */

/* Begin PBXProject section */
		09AE13FA1C8F573D004E8CA2 /* Project object */ = {
			isa = PBXProject;
			attributes = {
				LastSwiftUpdateCheck = 0720;
				LastUpgradeCheck = 0720;
				ORGANIZATIONNAME = "Edwin Vergara";
				TargetAttributes = {
					09AE14011C8F573D004E8CA2 = {
						CreatedOnToolsVersion = 7.2.1;
					};
				};
			};
			buildConfigurationList = 09AE13FD1C8F573D004E8CA2 /* Build configuration list for PBXProject "Rock Paper Scissors" */;
			compatibilityVersion = "Xcode 3.2";
			developmentRegion = English;
			hasScannedForEncodings = 0;
			knownRegions = (
				en,
				Base,
			);
			mainGroup = 09AE13F91C8F573D004E8CA2;
			productRefGroup = 09AE14031C8F573D004E8CA2 /* Products */;
			projectDirPath = "";
			projectRoot = "";
			targets = (
				09AE14011C8F573D004E8CA2 /* Rock Paper Scissors */,
			);
		};
/* End PBXProject section */

/* Begin PBXResourcesBuildPhase section */
		09AE14001C8F573D004E8CA2 /* Resources */ = {
			isa = PBXResourcesBuildPhase;
			buildActionMask = 2147483647;
			files = (
				09AE14101C8F573E004E8CA2 /* LaunchScreen.storyboard in Resources */,
				09AE140D1C8F573E004E8CA2 /* Assets.xcassets in Resources */,
				09AE140B1C8F573E004E8CA2 /* Main.storyboard in Resources */,
			);
			runOnlyForDeploymentPostprocessing = 0;
		};
/* End PBXResourcesBuildPhase section */

/* Begin PBXSourcesBuildPhase section */
		09AE13FE1C8F573D004E8CA2 /* Sources */ = {
			isa = PBXSourcesBuildPhase;
			buildActionMask = 2147483647;
			files = (
				09AE141A1C8F59D3004E8CA2 /* SecondViewController.swift in Sources */,
				09AE14081C8F573E004E8CA2 /* ViewController.swift in Sources */,
				09AE14061C8F573E004E8CA2 /* AppDelegate.swift in Sources */,
			);
			runOnlyForDeploymentPostprocessing = 0;
		};
/* End PBXSourcesBuildPhase section */

/* Begin PBXVariantGroup section */
		09AE14091C8F573E004E8CA2 /* Main.storyboard */ = {
			isa = PBXVariantGroup;
			children = (
				09AE140A1C8F573E004E8CA2 /* Base */,
			);
			name = Main.storyboard;
			sourceTree = "<group>";
		};
		09AE140E1C8F573E004E8CA2 /* LaunchScreen.storyboard */ = {
			isa = PBXVariantGroup;
			children = (
				09AE140F1C8F573E004E8CA2 /* Base */,
			);
			name = LaunchScreen.storyboard;
			sourceTree = "<group>";
		};
/* End PBXVariantGroup section */

/* Begin XCBuildConfiguration section */
		09AE14121C8F573E004E8CA2 /* Debug */ = {
			isa = XCBuildConfiguration;
			buildSettings = {
				ALWAYS_SEARCH_USER_PATHS = NO;
				CLANG_CXX_LANGUAGE_STANDARD = "gnu++0x";
				CLANG_CXX_LIBRARY = "libc++";
				CLANG_ENABLE_MODULES = YES;
				CLANG_ENABLE_OBJC_ARC = YES;
				CLANG_WARN_BOOL_CONVERSION = YES;
				CLANG_WARN_CONSTANT_CONVERSION = YES;
				CLANG_WARN_DIRECT_OBJC_ISA_USAGE = YES_ERROR;
				CLANG_WARN_EMPTY_BODY = YES;
				CLANG_WARN_ENUM_CONVERSION = YES;
				CLANG_WARN_INT_CONVERSION = YES;
				CLANG_WARN_OBJC_ROOT_CLASS = YES_ERROR;
				CLANG_WARN_UNREACHABLE_CODE = YES;
				CLANG_WARN__DUPLICATE_METHOD_MATCH = YES;
				"CODE_SIGN_IDENTITY[sdk=iphoneos*]" = "iPhone Developer";
				COPY_PHASE_STRIP = NO;
				DEBUG_INFORMATION_FORMAT = dwarf;
				ENABLE_STRICT_OBJC_MSGSEND = YES;
				ENABLE_TESTABILITY = YES;
				GCC_C_LANGUAGE_STANDARD = gnu99;
				GCC_DYNAMIC_NO_PIC = NO;
				GCC_NO_COMMON_BLOCKS = YES;
				GCC_OPTIMIZATION_LEVEL = 0;
				GCC_PREPROCESSOR_DEFINITIONS = (
					"DEBUG=1",
					"$(inherited)",
				);
				GCC_WARN_64_TO_32_BIT_CONVERSION = YES;
				GCC_WARN_ABOUT_RETURN_TYPE = YES_ERROR;
				GCC_WARN_UNDECLARED_SELECTOR = YES;
				GCC_WARN_UNINITIALIZED_AUTOS = YES_AGGRESSIVE;
				GCC_WARN_UNUSED_FUNCTION = YES;
				GCC_WARN_UNUSED_VARIABLE = YES;
				IPHONEOS_DEPLOYMENT_TARGET = 9.2;
				MTL_ENABLE_DEBUG_INFO = YES;
				ONLY_ACTIVE_ARCH = YES;
				SDKROOT = iphoneos;
				SWIFT_OPTIMIZATION_LEVEL = "-Onone";
			};
			name = Debug;
		};
		09AE14131C8F573E004E8CA2 /* Release */ = {
			isa = XCBuildConfiguration;
			buildSettings = {
				ALWAYS_SEARCH_USER_PATHS = NO;
				CLANG_CXX_LANGUAGE_STANDARD = "gnu++0x";
				CLANG_CXX_LIBRARY = "libc++";
				CLANG_ENABLE_MODULES = YES;
				CLANG_ENABLE_OBJC_ARC = YES;
				CLANG_WARN_BOOL_CONVERSION = YES;
				CLANG_WARN_CONSTANT_CONVERSION = YES;
				CLANG_WARN_DIRECT_OBJC_ISA_USAGE = YES_ERROR;
				CLANG_WARN_EMPTY_BODY = YES;
				CLANG_WARN_ENUM_CONVERSION = YES;
				CLANG_WARN_INT_CONVERSION = YES;
				CLANG_WARN_OBJC_ROOT_CLASS = YES_ERROR;
				CLANG_WARN_UNREACHABLE_CODE = YES;
				CLANG_WARN__DUPLICATE_METHOD_MATCH = YES;
				"CODE_SIGN_IDENTITY[sdk=iphoneos*]" = "iPhone Developer";
				COPY_PHASE_STRIP = NO;
				DEBUG_INFORMATION_FORMAT = "dwarf-with-dsym";
				ENABLE_NS_ASSERTIONS = NO;
				ENABLE_STRICT_OBJC_MSGSEND = YES;
				GCC_C_LANGUAGE_STANDARD = gnu99;
				GCC_NO_COMMON_BLOCKS = YES;
				GCC_WARN_64_TO_32_BIT_CONVERSION = YES;
				GCC_WARN_ABOUT_RETURN_TYPE = YES_ERROR;
				GCC_WARN_UNDECLARED_SELECTOR = YES;
				GCC_WARN_UNINITIALIZED_AUTOS = YES_AGGRESSIVE;
				GCC_WARN_UNUSED_FUNCTION = YES;
				GCC_WARN_UNUSED_VARIABLE = YES;
				IPHONEOS_DEPLOYMENT_TARGET = 9.2;
				MTL_ENABLE_DEBUG_INFO = NO;
				SDKROOT = iphoneos;
				VALIDATE_PRODUCT = YES;
			};
			name = Release;
		};
		09AE14151C8F573E004E8CA2 /* Debug */ = {
			isa = XCBuildConfiguration;
			buildSettings = {
				ASSETCATALOG_COMPILER_APPICON_NAME = AppIcon;
				INFOPLIST_FILE = "Rock Paper Scissors/Info.plist";
				LD_RUNPATH_SEARCH_PATHS = "$(inherited) @executable_path/Frameworks";
				PRODUCT_BUNDLE_IDENTIFIER = "com.edwinvergara.Rock-Paper-Scissors";
				PRODUCT_NAME = "$(TARGET_NAME)";
			};
			name = Debug;
		};
		09AE14161C8F573E004E8CA2 /* Release */ = {
			isa = XCBuildConfiguration;
			buildSettings = {
				ASSETCATALOG_COMPILER_APPICON_NAME = AppIcon;
				INFOPLIST_FILE = "Rock Paper Scissors/Info.plist";
				LD_RUNPATH_SEARCH_PATHS = "$(inherited) @executable_path/Frameworks";
				PRODUCT_BUNDLE_IDENTIFIER = "com.edwinvergara.Rock-Paper-Scissors";
				PRODUCT_NAME = "$(TARGET_NAME)";
			};
			name = Release;
		};
/* End XCBuildConfiguration section */

/* Begin XCConfigurationList section */
		09AE13FD1C8F573D004E8CA2 /* Build configuration list for PBXProject "Rock Paper Scissors" */ = {
			isa = XCConfigurationList;
			buildConfigurations = (
				09AE14121C8F573E004E8CA2 /* Debug */,
				09AE14131C8F573E004E8CA2 /* Release */,
			);
			defaultConfigurationIsVisible = 0;
			defaultConfigurationName = Release;
		};
		09AE14141C8F573E004E8CA2 /* Build configuration list for PBXNativeTarget "Rock Paper Scissors" */ = {
			isa = XCConfigurationList;
			buildConfigurations = (
				09AE14151C8F573E004E8CA2 /* Debug */,
				09AE14161C8F573E004E8CA2 /* Release */,
			);
			defaultConfigurationIsVisible = 0;
			defaultConfigurationName = Release;
		};
/* End XCConfigurationList section */
	};
	rootObject = 09AE13FA1C8F573D004E8CA2 /* Project object */;
}
